# This file is automatically @generated by Cargo.
# It is not intended for manual editing.
[[package]]
name = "miniquad-cookie"
version = "0.1.0"
dependencies = [
 "sapp-jsutils",
]

[[package]]
name = "sapp-jsutils"
version = "0.1.4"
source = "registry+https://github.com/rust-lang/crates.io-index"
checksum = "95b6538a351f8e2066fb98c07e24ac616896d2ffb49b4843cceb3839e7dc0d65"
